
Microsoft Visual Studio Solution File, Format Version 12.00
# Visual Studio Version 17
VisualStudioVersion = 17.2.32630.192
MinimumVisualStudioVersion = 10.0.40219.1
Project("{FAE04EC0-301F-11D3-BF4B-00C04F79EFBC}") = "oodb-desktop-client", "oodb-desktop-client.csproj", "{9CA1F3D8-31A3-4894-89FB-87A904765C3D}"
EndProject
Global
	GlobalSection(SolutionConfigurationPlatforms) = preSolution
		Debug|Any CPU = Debug|Any CPU
		Release|Any CPU = Release|Any CPU
	EndGlobalSection
	GlobalSection(ProjectConfigurationPlatforms) = postSolution
		{9CA1F3D8-31A3-4894-89FB-87A904765C3D}.Debug|Any CPU.ActiveCfg = Debug|Any CPU
		{9CA1F3D8-31A3-4894-89FB-87A904765C3D}.Debug|Any CPU.Build.0 = Debug|Any CPU
		{9CA1F3D8-31A3-4894-89FB-87A904765C3D}.Release|Any CPU.ActiveCfg = Release|Any CPU
		{9CA1F3D8-31A3-4894-89FB-87A904765C3D}.Release|Any CPU.Build.0 = Release|Any CPU
	EndGlobalSection
	GlobalSection(SolutionProperties) = preSolution
		HideSolutionNode = FALSE
	EndGlobalSection
	GlobalSection(ExtensibilityGlobals) = postSolution
		SolutionGuid = {4EF4CC73-7C2D-4F71-B83F-25E29789B0C1}
	EndGlobalSection
EndGlobal
